// !$*UTF8*$!
{
	archiveVersion = 1;
	classes = {
	};
	objectVersion = 46;
	objects = {

/* Begin PBXBuildFile section */
		0D43B8E7271EEB75EB47D940 /* Pods_DribbleTestTests.framework in Frameworks */ = {isa = PBXBuildFile; fileRef = 30F0C035005C0F9DBF0E9267 /* Pods_DribbleTestTests.framework */; };
		3322BE45BB42AAA64E6ECC70 /* Pods_DribbleTest.framework in Frameworks */ = {isa = PBXBuildFile; fileRef = 3726790FB02E8AB47452A5C5 /* Pods_DribbleTest.framework */; };
		6DFACF28AAFF1B43E42C56F2 /* Pods_DribbleTestUITests.framework in Frameworks */ = {isa = PBXBuildFile; fileRef = BA9C2EA6EC1287F26177C708 /* Pods_DribbleTestUITests.framework */; };
		A41037A41DD21F14007E5360 /* testobj.swift in Sources */ = {isa = PBXBuildFile; fileRef = A41037A31DD21F14007E5360 /* testobj.swift */; };
		A482862B1DED87D000E14FCD /* CommentViewModel.swift in Sources */ = {isa = PBXBuildFile; fileRef = A482862A1DED87D000E14FCD /* CommentViewModel.swift */; };
		A482862D1DEDD06600E14FCD /* ProfileViewModel.swift in Sources */ = {isa = PBXBuildFile; fileRef = A482862C1DEDD06600E14FCD /* ProfileViewModel.swift */; };
		A48500D41DE1BF7E00B828D7 /* LikeUser.swift in Sources */ = {isa = PBXBuildFile; fileRef = A48500D31DE1BF7E00B828D7 /* LikeUser.swift */; };
		A4880B8D1DD3261D007168B2 /* CacheShots.swift in Sources */ = {isa = PBXBuildFile; fileRef = A4880B8C1DD3261D007168B2 /* CacheShots.swift */; };
		A4880B8F1DD34934007168B2 /* ViewController.swift in Sources */ = {isa = PBXBuildFile; fileRef = A4880B8E1DD34934007168B2 /* ViewController.swift */; };
		A48C83981DDEE36F0050AB16 /* Followers.swift in Sources */ = {isa = PBXBuildFile; fileRef = A48C83971DDEE36F0050AB16 /* Followers.swift */; };
		A48C839F1DDF02190050AB16 /* Likes.swift in Sources */ = {isa = PBXBuildFile; fileRef = A48C839E1DDF02190050AB16 /* Likes.swift */; };
		A4907B711DAF5CC000DBF6EE /* AppDelegate.swift in Sources */ = {isa = PBXBuildFile; fileRef = A4907B701DAF5CC000DBF6EE /* AppDelegate.swift */; };
		A4907B781DAF5CC000DBF6EE /* Assets.xcassets in Resources */ = {isa = PBXBuildFile; fileRef = A4907B771DAF5CC000DBF6EE /* Assets.xcassets */; };
		A4907B7B1DAF5CC000DBF6EE /* LaunchScreen.storyboard in Resources */ = {isa = PBXBuildFile; fileRef = A4907B791DAF5CC000DBF6EE /* LaunchScreen.storyboard */; };
		A4907B861DAF5CC000DBF6EE /* DribbleTestTests.swift in Sources */ = {isa = PBXBuildFile; fileRef = A4907B851DAF5CC000DBF6EE /* DribbleTestTests.swift */; };
		A4907B911DAF5CC000DBF6EE /* DribbleTestUITests.swift in Sources */ = {isa = PBXBuildFile; fileRef = A4907B901DAF5CC000DBF6EE /* DribbleTestUITests.swift */; };
		A4907B9F1DAF7D5E00DBF6EE /* OAuth.swift in Sources */ = {isa = PBXBuildFile; fileRef = A4907B9E1DAF7D5E00DBF6EE /* OAuth.swift */; };
		A4915CB71DD9E69F001258D1 /* CommentsTableViewCell.swift in Sources */ = {isa = PBXBuildFile; fileRef = A4915CB61DD9E69F001258D1 /* CommentsTableViewCell.swift */; };
		A4915CBB1DD9E8DF001258D1 /* ShotsTableViewCell.swift in Sources */ = {isa = PBXBuildFile; fileRef = A4915CBA1DD9E8DF001258D1 /* ShotsTableViewCell.swift */; };
		A493543E1DE849D7007867FC /* ShotViewModel.swift in Sources */ = {isa = PBXBuildFile; fileRef = A493543D1DE849D7007867FC /* ShotViewModel.swift */; };
		A49359E51DC09884000A86FC /* Comments.swift in Sources */ = {isa = PBXBuildFile; fileRef = A49359E41DC09884000A86FC /* Comments.swift */; };
		A49359E71DC0994C000A86FC /* CommentsViewController.swift in Sources */ = {isa = PBXBuildFile; fileRef = A49359E61DC0994C000A86FC /* CommentsViewController.swift */; };
		A495158A1DF00B26006731C6 /* LikesViewModel.swift in Sources */ = {isa = PBXBuildFile; fileRef = A49515891DF00B26006731C6 /* LikesViewModel.swift */; };
		A49982D91DB8992A00F5FE4C /* OauthDribbble.swift in Sources */ = {isa = PBXBuildFile; fileRef = A49982D81DB8992A00F5FE4C /* OauthDribbble.swift */; };
		A49E502D1DE06FCE00236C41 /* MyCacheUser.swift in Sources */ = {isa = PBXBuildFile; fileRef = A49E502C1DE06FCE00236C41 /* MyCacheUser.swift */; };
		A49E50311DE070D400236C41 /* MyCacheLikes.swift in Sources */ = {isa = PBXBuildFile; fileRef = A49E50301DE070D400236C41 /* MyCacheLikes.swift */; };
		A49E50341DE072EB00236C41 /* MyCacheFollowers.swift in Sources */ = {isa = PBXBuildFile; fileRef = A49E50331DE072EB00236C41 /* MyCacheFollowers.swift */; };
		A4A033AE1DB9E76A00A6524C /* ShotsTableViewController.swift in Sources */ = {isa = PBXBuildFile; fileRef = A4A033AD1DB9E76A00A6524C /* ShotsTableViewController.swift */; };
		A4A0E1871DDB3337000C2BA2 /* iCarousel.m in Sources */ = {isa = PBXBuildFile; fileRef = A4A0E1861DDB3337000C2BA2 /* iCarousel.m */; };
		A4A0E18B1DDB396C000C2BA2 /* ProfileViewController.swift in Sources */ = {isa = PBXBuildFile; fileRef = A4A0E18A1DDB396C000C2BA2 /* ProfileViewController.swift */; };
		A4A0E18D1DDB3CA0000C2BA2 /* ProfileTableViewCell.swift in Sources */ = {isa = PBXBuildFile; fileRef = A4A0E18C1DDB3CA0000C2BA2 /* ProfileTableViewCell.swift */; };
		A4A0E1911DDB4458000C2BA2 /* User.swift in Sources */ = {isa = PBXBuildFile; fileRef = A4A0E1901DDB4458000C2BA2 /* User.swift */; };
		A4A11B261DD496840038FE12 /* MyCacheShots.swift in Sources */ = {isa = PBXBuildFile; fileRef = A4A11B251DD496840038FE12 /* MyCacheShots.swift */; };
		A4A1817B1DB8C25D007F4779 /* Shots.swift in Sources */ = {isa = PBXBuildFile; fileRef = A4A1817A1DB8C25D007F4779 /* Shots.swift */; };
		A4A1817E1DB8C354007F4779 /* MyConstants.swift in Sources */ = {isa = PBXBuildFile; fileRef = A4A1817D1DB8C354007F4779 /* MyConstants.swift */; };
		A4A181801DB8DEAC007F4779 /* Main.storyboard in Resources */ = {isa = PBXBuildFile; fileRef = A4A1817F1DB8DEAC007F4779 /* Main.storyboard */; };
		A4C71C731DD593BC002B8BD6 /* MyCacheComments.swift in Sources */ = {isa = PBXBuildFile; fileRef = A4C71C721DD593BC002B8BD6 /* MyCacheComments.swift */; };
		A4C71C781DD59792002B8BD6 /* NetConnection.swift in Sources */ = {isa = PBXBuildFile; fileRef = A4C71C771DD59792002B8BD6 /* NetConnection.swift */; };
/* End PBXBuildFile section */

/* Begin PBXContainerItemProxy section */
		A4907B821DAF5CC000DBF6EE /* PBXContainerItemProxy */ = {
			isa = PBXContainerItemProxy;
			containerPortal = A4907B651DAF5CC000DBF6EE /* Project object */;
			proxyType = 1;
			remoteGlobalIDString = A4907B6C1DAF5CC000DBF6EE;
			remoteInfo = DribbleTest;
		};
		A4907B8D1DAF5CC000DBF6EE /* PBXContainerItemProxy */ = {
			isa = PBXContainerItemProxy;
			containerPortal = A4907B651DAF5CC000DBF6EE /* Project object */;
			proxyType = 1;
			remoteGlobalIDString = A4907B6C1DAF5CC000DBF6EE;
			remoteInfo = DribbleTest;
		};
/* End PBXContainerItemProxy section */

/* Begin PBXFileReference section */
		029066F0FF720848A99FD143 /* Pods-DribbleTest.debug.xcconfig */ = {isa = PBXFileReference; includeInIndex = 1; lastKnownFileType = text.xcconfig; name = "Pods-DribbleTest.debug.xcconfig"; path = "Pods/Target Support Files/Pods-DribbleTest/Pods-DribbleTest.debug.xcconfig"; sourceTree = "<group>"; };
		0CCD45DE5A9B0455CBAA1D81 /* Pods-DribbleTestTests.release.xcconfig */ = {isa = PBXFileReference; includeInIndex = 1; lastKnownFileType = text.xcconfig; name = "Pods-DribbleTestTests.release.xcconfig"; path = "Pods/Target Support Files/Pods-DribbleTestTests/Pods-DribbleTestTests.release.xcconfig"; sourceTree = "<group>"; };
		30F0C035005C0F9DBF0E9267 /* Pods_DribbleTestTests.framework */ = {isa = PBXFileReference; explicitFileType = wrapper.framework; includeInIndex = 0; path = Pods_DribbleTestTests.framework; sourceTree = BUILT_PRODUCTS_DIR; };
		3726790FB02E8AB47452A5C5 /* Pods_DribbleTest.framework */ = {isa = PBXFileReference; explicitFileType = wrapper.framework; includeInIndex = 0; path = Pods_DribbleTest.framework; sourceTree = BUILT_PRODUCTS_DIR; };
		595356D7B5A196A326680EDA /* Pods-DribbleTestUITests.release.xcconfig */ = {isa = PBXFileReference; includeInIndex = 1; lastKnownFileType = text.xcconfig; name = "Pods-DribbleTestUITests.release.xcconfig"; path = "Pods/Target Support Files/Pods-DribbleTestUITests/Pods-DribbleTestUITests.release.xcconfig"; sourceTree = "<group>"; };
		9D5EDF5CFE75B16DE062F085 /* Pods-DribbleTestTests.debug.xcconfig */ = {isa = PBXFileReference; includeInIndex = 1; lastKnownFileType = text.xcconfig; name = "Pods-DribbleTestTests.debug.xcconfig"; path = "Pods/Target Support Files/Pods-DribbleTestTests/Pods-DribbleTestTests.debug.xcconfig"; sourceTree = "<group>"; };
		A41037A31DD21F14007E5360 /* testobj.swift */ = {isa = PBXFileReference; fileEncoding = 4; lastKnownFileType = sourcecode.swift; path = testobj.swift; sourceTree = "<group>"; };
		A482862A1DED87D000E14FCD /* CommentViewModel.swift */ = {isa = PBXFileReference; fileEncoding = 4; lastKnownFileType = sourcecode.swift; path = CommentViewModel.swift; sourceTree = "<group>"; };
		A482862C1DEDD06600E14FCD /* ProfileViewModel.swift */ = {isa = PBXFileReference; fileEncoding = 4; lastKnownFileType = sourcecode.swift; path = ProfileViewModel.swift; sourceTree = "<group>"; };
		A48500D31DE1BF7E00B828D7 /* LikeUser.swift */ = {isa = PBXFileReference; fileEncoding = 4; lastKnownFileType = sourcecode.swift; path = LikeUser.swift; sourceTree = "<group>"; };
		A4880B8C1DD3261D007168B2 /* CacheShots.swift */ = {isa = PBXFileReference; fileEncoding = 4; lastKnownFileType = sourcecode.swift; path = CacheShots.swift; sourceTree = "<group>"; };
		A4880B8E1DD34934007168B2 /* ViewController.swift */ = {isa = PBXFileReference; fileEncoding = 4; lastKnownFileType = sourcecode.swift; path = ViewController.swift; sourceTree = "<group>"; };
		A48C83971DDEE36F0050AB16 /* Followers.swift */ = {isa = PBXFileReference; fileEncoding = 4; lastKnownFileType = sourcecode.swift; path = Followers.swift; sourceTree = "<group>"; };
		A48C839E1DDF02190050AB16 /* Likes.swift */ = {isa = PBXFileReference; fileEncoding = 4; lastKnownFileType = sourcecode.swift; path = Likes.swift; sourceTree = "<group>"; };
		A4907B6D1DAF5CC000DBF6EE /* DribbleTest.app */ = {isa = PBXFileReference; explicitFileType = wrapper.application; includeInIndex = 0; path = DribbleTest.app; sourceTree = BUILT_PRODUCTS_DIR; };
		A4907B701DAF5CC000DBF6EE /* AppDelegate.swift */ = {isa = PBXFileReference; lastKnownFileType = sourcecode.swift; path = AppDelegate.swift; sourceTree = "<group>"; };
		A4907B771DAF5CC000DBF6EE /* Assets.xcassets */ = {isa = PBXFileReference; lastKnownFileType = folder.assetcatalog; path = Assets.xcassets; sourceTree = "<group>"; };
		A4907B7A1DAF5CC000DBF6EE /* Base */ = {isa = PBXFileReference; lastKnownFileType = file.storyboard; name = Base; path = Base.lproj/LaunchScreen.storyboard; sourceTree = "<group>"; };
		A4907B7C1DAF5CC000DBF6EE /* Info.plist */ = {isa = PBXFileReference; lastKnownFileType = text.plist.xml; path = Info.plist; sourceTree = "<group>"; };
		A4907B811DAF5CC000DBF6EE /* DribbleTestTests.xctest */ = {isa = PBXFileReference; explicitFileType = wrapper.cfbundle; includeInIndex = 0; path = DribbleTestTests.xctest; sourceTree = BUILT_PRODUCTS_DIR; };
		A4907B851DAF5CC000DBF6EE /* DribbleTestTests.swift */ = {isa = PBXFileReference; lastKnownFileType = sourcecode.swift; path = DribbleTestTests.swift; sourceTree = "<group>"; };
		A4907B871DAF5CC000DBF6EE /* Info.plist */ = {isa = PBXFileReference; lastKnownFileType = text.plist.xml; path = Info.plist; sourceTree = "<group>"; };
		A4907B8C1DAF5CC000DBF6EE /* DribbleTestUITests.xctest */ = {isa = PBXFileReference; explicitFileType = wrapper.cfbundle; includeInIndex = 0; path = DribbleTestUITests.xctest; sourceTree = BUILT_PRODUCTS_DIR; };
		A4907B901DAF5CC000DBF6EE /* DribbleTestUITests.swift */ = {isa = PBXFileReference; lastKnownFileType = sourcecode.swift; path = DribbleTestUITests.swift; sourceTree = "<group>"; };
		A4907B921DAF5CC000DBF6EE /* Info.plist */ = {isa = PBXFileReference; lastKnownFileType = text.plist.xml; path = Info.plist; sourceTree = "<group>"; };
		A4907B9E1DAF7D5E00DBF6EE /* OAuth.swift */ = {isa = PBXFileReference; fileEncoding = 4; lastKnownFileType = sourcecode.swift; path = OAuth.swift; sourceTree = "<group>"; };
		A4915CB61DD9E69F001258D1 /* CommentsTableViewCell.swift */ = {isa = PBXFileReference; fileEncoding = 4; lastKnownFileType = sourcecode.swift; path = CommentsTableViewCell.swift; sourceTree = "<group>"; };
		A4915CBA1DD9E8DF001258D1 /* ShotsTableViewCell.swift */ = {isa = PBXFileReference; fileEncoding = 4; lastKnownFileType = sourcecode.swift; path = ShotsTableViewCell.swift; sourceTree = "<group>"; };
		A493543D1DE849D7007867FC /* ShotViewModel.swift */ = {isa = PBXFileReference; fileEncoding = 4; lastKnownFileType = sourcecode.swift; path = ShotViewModel.swift; sourceTree = "<group>"; };
		A49359E41DC09884000A86FC /* Comments.swift */ = {isa = PBXFileReference; fileEncoding = 4; lastKnownFileType = sourcecode.swift; path = Comments.swift; sourceTree = "<group>"; };
		A49359E61DC0994C000A86FC /* CommentsViewController.swift */ = {isa = PBXFileReference; fileEncoding = 4; lastKnownFileType = sourcecode.swift; path = CommentsViewController.swift; sourceTree = "<group>"; };
		A49515891DF00B26006731C6 /* LikesViewModel.swift */ = {isa = PBXFileReference; fileEncoding = 4; lastKnownFileType = sourcecode.swift; path = LikesViewModel.swift; sourceTree = "<group>"; };
		A49982D81DB8992A00F5FE4C /* OauthDribbble.swift */ = {isa = PBXFileReference; fileEncoding = 4; lastKnownFileType = sourcecode.swift; path = OauthDribbble.swift; sourceTree = "<group>"; };
		A49E502C1DE06FCE00236C41 /* MyCacheUser.swift */ = {isa = PBXFileReference; fileEncoding = 4; lastKnownFileType = sourcecode.swift; path = MyCacheUser.swift; sourceTree = "<group>"; };
		A49E50301DE070D400236C41 /* MyCacheLikes.swift */ = {isa = PBXFileReference; fileEncoding = 4; lastKnownFileType = sourcecode.swift; path = MyCacheLikes.swift; sourceTree = "<group>"; };
		A49E50331DE072EB00236C41 /* MyCacheFollowers.swift */ = {isa = PBXFileReference; fileEncoding = 4; lastKnownFileType = sourcecode.swift; path = MyCacheFollowers.swift; sourceTree = "<group>"; };
		A4A033AD1DB9E76A00A6524C /* ShotsTableViewController.swift */ = {isa = PBXFileReference; fileEncoding = 4; lastKnownFileType = sourcecode.swift; path = ShotsTableViewController.swift; sourceTree = "<group>"; };
		A4A0E1841DDB3336000C2BA2 /* DribbleTest-Bridging-Header.h */ = {isa = PBXFileReference; lastKnownFileType = sourcecode.c.h; path = "DribbleTest-Bridging-Header.h"; sourceTree = "<group>"; };
		A4A0E1851DDB3337000C2BA2 /* iCarousel.h */ = {isa = PBXFileReference; fileEncoding = 4; lastKnownFileType = sourcecode.c.h; path = iCarousel.h; sourceTree = "<group>"; };
		A4A0E1861DDB3337000C2BA2 /* iCarousel.m */ = {isa = PBXFileReference; fileEncoding = 4; lastKnownFileType = sourcecode.c.objc; path = iCarousel.m; sourceTree = "<group>"; };
		A4A0E18A1DDB396C000C2BA2 /* ProfileViewController.swift */ = {isa = PBXFileReference; fileEncoding = 4; lastKnownFileType = sourcecode.swift; path = ProfileViewController.swift; sourceTree = "<group>"; };
		A4A0E18C1DDB3CA0000C2BA2 /* ProfileTableViewCell.swift */ = {isa = PBXFileReference; fileEncoding = 4; lastKnownFileType = sourcecode.swift; path = ProfileTableViewCell.swift; sourceTree = "<group>"; };
		A4A0E1901DDB4458000C2BA2 /* User.swift */ = {isa = PBXFileReference; fileEncoding = 4; lastKnownFileType = sourcecode.swift; path = User.swift; sourceTree = "<group>"; };
		A4A11B251DD496840038FE12 /* MyCacheShots.swift */ = {isa = PBXFileReference; fileEncoding = 4; lastKnownFileType = sourcecode.swift; path = MyCacheShots.swift; sourceTree = "<group>"; };
		A4A1817A1DB8C25D007F4779 /* Shots.swift */ = {isa = PBXFileReference; fileEncoding = 4; lastKnownFileType = sourcecode.swift; path = Shots.swift; sourceTree = "<group>"; };
		A4A1817D1DB8C354007F4779 /* MyConstants.swift */ = {isa = PBXFileReference; fileEncoding = 4; lastKnownFileType = sourcecode.swift; path = MyConstants.swift; sourceTree = "<group>"; };
		A4A1817F1DB8DEAC007F4779 /* Main.storyboard */ = {isa = PBXFileReference; fileEncoding = 4; lastKnownFileType = file.storyboard; path = Main.storyboard; sourceTree = "<group>"; };
		A4C71C721DD593BC002B8BD6 /* MyCacheComments.swift */ = {isa = PBXFileReference; fileEncoding = 4; lastKnownFileType = sourcecode.swift; path = MyCacheComments.swift; sourceTree = "<group>"; };
		A4C71C771DD59792002B8BD6 /* NetConnection.swift */ = {isa = PBXFileReference; fileEncoding = 4; lastKnownFileType = sourcecode.swift; path = NetConnection.swift; sourceTree = "<group>"; };
		B8FECE6FF3E09C3FA499E315 /* Pods-DribbleTestUITests.debug.xcconfig */ = {isa = PBXFileReference; includeInIndex = 1; lastKnownFileType = text.xcconfig; name = "Pods-DribbleTestUITests.debug.xcconfig"; path = "Pods/Target Support Files/Pods-DribbleTestUITests/Pods-DribbleTestUITests.debug.xcconfig"; sourceTree = "<group>"; };
		BA9C2EA6EC1287F26177C708 /* Pods_DribbleTestUITests.framework */ = {isa = PBXFileReference; explicitFileType = wrapper.framework; includeInIndex = 0; path = Pods_DribbleTestUITests.framework; sourceTree = BUILT_PRODUCTS_DIR; };
		CC87113E1E7599F904FDD243 /* Pods-DribbleTest.release.xcconfig */ = {isa = PBXFileReference; includeInIndex = 1; lastKnownFileType = text.xcconfig; name = "Pods-DribbleTest.release.xcconfig"; path = "Pods/Target Support Files/Pods-DribbleTest/Pods-DribbleTest.release.xcconfig"; sourceTree = "<group>"; };
/* End PBXFileReference section */

/* Begin PBXFrameworksBuildPhase section */
		A4907B6A1DAF5CC000DBF6EE /* Frameworks */ = {
			isa = PBXFrameworksBuildPhase;
			buildActionMask = 2147483647;
			files = (
				3322BE45BB42AAA64E6ECC70 /* Pods_DribbleTest.framework in Frameworks */,
			);
			runOnlyForDeploymentPostprocessing = 0;
		};
		A4907B7E1DAF5CC000DBF6EE /* Frameworks */ = {
			isa = PBXFrameworksBuildPhase;
			buildActionMask = 2147483647;
			files = (
				0D43B8E7271EEB75EB47D940 /* Pods_DribbleTestTests.framework in Frameworks */,
			);
			runOnlyForDeploymentPostprocessing = 0;
		};
		A4907B891DAF5CC000DBF6EE /* Frameworks */ = {
			isa = PBXFrameworksBuildPhase;
			buildActionMask = 2147483647;
			files = (
				6DFACF28AAFF1B43E42C56F2 /* Pods_DribbleTestUITests.framework in Frameworks */,
			);
			runOnlyForDeploymentPostprocessing = 0;
		};
/* End PBXFrameworksBuildPhase section */

/* Begin PBXGroup section */
		731220A41568BD2D3FD6E86B /* Pods */ = {
			isa = PBXGroup;
			children = (
				029066F0FF720848A99FD143 /* Pods-DribbleTest.debug.xcconfig */,
				CC87113E1E7599F904FDD243 /* Pods-DribbleTest.release.xcconfig */,
				9D5EDF5CFE75B16DE062F085 /* Pods-DribbleTestTests.debug.xcconfig */,
				0CCD45DE5A9B0455CBAA1D81 /* Pods-DribbleTestTests.release.xcconfig */,
				B8FECE6FF3E09C3FA499E315 /* Pods-DribbleTestUITests.debug.xcconfig */,
				595356D7B5A196A326680EDA /* Pods-DribbleTestUITests.release.xcconfig */,
			);
			name = Pods;
			sourceTree = "<group>";
		};
		A4880B891DD325AA007168B2 /* BD */ = {
			isa = PBXGroup;
			children = (
				A49E50321DE0714E00236C41 /* Model */,
				A4880B8C1DD3261D007168B2 /* CacheShots.swift */,
			);
			name = BD;
			sourceTree = "<group>";
		};
		A48C839B1DDEFD2B0050AB16 /* Modell */ = {
			isa = PBXGroup;
			children = (
				A49359E41DC09884000A86FC /* Comments.swift */,
				A4A0E1901DDB4458000C2BA2 /* User.swift */,
				A48C83971DDEE36F0050AB16 /* Followers.swift */,
				A4A1817A1DB8C25D007F4779 /* Shots.swift */,
				A48C839E1DDF02190050AB16 /* Likes.swift */,
				A48500D31DE1BF7E00B828D7 /* LikeUser.swift */,
			);
			name = Modell;
			sourceTree = "<group>";
		};
		A4907B641DAF5CC000DBF6EE = {
			isa = PBXGroup;
			children = (
				A4907B6F1DAF5CC000DBF6EE /* DribbleTest */,
				A4907B841DAF5CC000DBF6EE /* DribbleTestTests */,
				A4907B8F1DAF5CC000DBF6EE /* DribbleTestUITests */,
				A4907B6E1DAF5CC000DBF6EE /* Products */,
				731220A41568BD2D3FD6E86B /* Pods */,
				EA6C21AF3B2BFAF6874D4C98 /* Frameworks */,
			);
			sourceTree = "<group>";
		};
		A4907B6E1DAF5CC000DBF6EE /* Products */ = {
			isa = PBXGroup;
			children = (
				A4907B6D1DAF5CC000DBF6EE /* DribbleTest.app */,
				A4907B811DAF5CC000DBF6EE /* DribbleTestTests.xctest */,
				A4907B8C1DAF5CC000DBF6EE /* DribbleTestUITests.xctest */,
			);
			name = Products;
			sourceTree = "<group>";
		};
		A4907B6F1DAF5CC000DBF6EE /* DribbleTest */ = {
			isa = PBXGroup;
			children = (
				A493543C1DE8442F007867FC /* View Models */,
				A493543B1DE843F4007867FC /* Controllers */,
				A4A0E1851DDB3337000C2BA2 /* iCarousel.h */,
				A4A0E1861DDB3337000C2BA2 /* iCarousel.m */,
				A4915CB51DD9E5F3001258D1 /* Cell */,
				A4C71C761DD596F8002B8BD6 /* NET */,
				A4880B891DD325AA007168B2 /* BD */,
				A4A1817C1DB8C31C007F4779 /* Constant */,
				A4A181761DB8C1ED007F4779 /* ApiDribble */,
				A49982D71DB898F300F5FE4C /* OAuth */,
				A4907B701DAF5CC000DBF6EE /* AppDelegate.swift */,
				A41037A31DD21F14007E5360 /* testobj.swift */,
				A4A1817F1DB8DEAC007F4779 /* Main.storyboard */,
				A4907B771DAF5CC000DBF6EE /* Assets.xcassets */,
				A4907B791DAF5CC000DBF6EE /* LaunchScreen.storyboard */,
				A4907B7C1DAF5CC000DBF6EE /* Info.plist */,
				A4907B9E1DAF7D5E00DBF6EE /* OAuth.swift */,
				A4A0E1841DDB3336000C2BA2 /* DribbleTest-Bridging-Header.h */,
			);
			path = DribbleTest;
			sourceTree = "<group>";
		};
		A4907B841DAF5CC000DBF6EE /* DribbleTestTests */ = {
			isa = PBXGroup;
			children = (
				A4907B851DAF5CC000DBF6EE /* DribbleTestTests.swift */,
				A4907B871DAF5CC000DBF6EE /* Info.plist */,
			);
			path = DribbleTestTests;
			sourceTree = "<group>";
		};
		A4907B8F1DAF5CC000DBF6EE /* DribbleTestUITests */ = {
			isa = PBXGroup;
			children = (
				A4907B901DAF5CC000DBF6EE /* DribbleTestUITests.swift */,
				A4907B921DAF5CC000DBF6EE /* Info.plist */,
			);
			path = DribbleTestUITests;
			sourceTree = "<group>";
		};
		A4915CB51DD9E5F3001258D1 /* Cell */ = {
			isa = PBXGroup;
			children = (
				A4915CB61DD9E69F001258D1 /* CommentsTableViewCell.swift */,
				A4915CBA1DD9E8DF001258D1 /* ShotsTableViewCell.swift */,
				A4A0E18C1DDB3CA0000C2BA2 /* ProfileTableViewCell.swift */,
			);
			name = Cell;
			sourceTree = "<group>";
		};
		A493543B1DE843F4007867FC /* Controllers */ = {
			isa = PBXGroup;
			children = (
				A4A0E18A1DDB396C000C2BA2 /* ProfileViewController.swift */,
				A4880B8E1DD34934007168B2 /* ViewController.swift */,
				A49359E61DC0994C000A86FC /* CommentsViewController.swift */,
				A4A033AD1DB9E76A00A6524C /* ShotsTableViewController.swift */,
			);
			name = Controllers;
			sourceTree = "<group>";
		};
		A493543C1DE8442F007867FC /* View Models */ = {
			isa = PBXGroup;
			children = (
				A493543D1DE849D7007867FC /* ShotViewModel.swift */,
				A482862A1DED87D000E14FCD /* CommentViewModel.swift */,
				A482862C1DEDD06600E14FCD /* ProfileViewModel.swift */,
				A49515891DF00B26006731C6 /* LikesViewModel.swift */,
			);
			name = "View Models";
			path = ..;
			sourceTree = "<group>";
		};
		A49982D71DB898F300F5FE4C /* OAuth */ = {
			isa = PBXGroup;
			children = (
				A49982D81DB8992A00F5FE4C /* OauthDribbble.swift */,
			);
			name = OAuth;
			sourceTree = "<group>";
		};
		A49E50321DE0714E00236C41 /* Model */ = {
			isa = PBXGroup;
			children = (
				A4C71C721DD593BC002B8BD6 /* MyCacheComments.swift */,
				A4A11B251DD496840038FE12 /* MyCacheShots.swift */,
				A49E502C1DE06FCE00236C41 /* MyCacheUser.swift */,
				A49E50331DE072EB00236C41 /* MyCacheFollowers.swift */,
				A49E50301DE070D400236C41 /* MyCacheLikes.swift */,
			);
			name = Model;
			sourceTree = "<group>";
		};
		A4A181761DB8C1ED007F4779 /* ApiDribble */ = {
			isa = PBXGroup;
			children = (
				A48C839B1DDEFD2B0050AB16 /* Modell */,
			);
			name = ApiDribble;
			sourceTree = "<group>";
		};
		A4A1817C1DB8C31C007F4779 /* Constant */ = {
			isa = PBXGroup;
			children = (
				A4A1817D1DB8C354007F4779 /* MyConstants.swift */,
			);
			name = Constant;
			sourceTree = "<group>";
		};
		A4C71C761DD596F8002B8BD6 /* NET */ = {
			isa = PBXGroup;
			children = (
				A4C71C771DD59792002B8BD6 /* NetConnection.swift */,
			);
			name = NET;
			sourceTree = "<group>";
		};
		EA6C21AF3B2BFAF6874D4C98 /* Frameworks */ = {
			isa = PBXGroup;
			children = (
				3726790FB02E8AB47452A5C5 /* Pods_DribbleTest.framework */,
				30F0C035005C0F9DBF0E9267 /* Pods_DribbleTestTests.framework */,
				BA9C2EA6EC1287F26177C708 /* Pods_DribbleTestUITests.framework */,
			);
			name = Frameworks;
			sourceTree = "<group>";
		};
/* End PBXGroup section */

/* Begin PBXNativeTarget section */
		A4907B6C1DAF5CC000DBF6EE /* DribbleTest */ = {
			isa = PBXNativeTarget;
			buildConfigurationList = A4907B951DAF5CC000DBF6EE /* Build configuration list for PBXNativeTarget "DribbleTest" */;
			buildPhases = (
				0E622C455046E563DF1C1709 /* [CP] Check Pods Manifest.lock */,
				A4907B691DAF5CC000DBF6EE /* Sources */,
				A4907B6A1DAF5CC000DBF6EE /* Frameworks */,
				A4907B6B1DAF5CC000DBF6EE /* Resources */,
				0EAF4CBB4C44CDE451B00B3D /* [CP] Embed Pods Frameworks */,
				178C0C830F4B94BB5713C5F9 /* [CP] Copy Pods Resources */,
			);
			buildRules = (
			);
			dependencies = (
			);
			name = DribbleTest;
			productName = DribbleTest;
			productReference = A4907B6D1DAF5CC000DBF6EE /* DribbleTest.app */;
			productType = "com.apple.product-type.application";
		};
		A4907B801DAF5CC000DBF6EE /* DribbleTestTests */ = {
			isa = PBXNativeTarget;
			buildConfigurationList = A4907B981DAF5CC000DBF6EE /* Build configuration list for PBXNativeTarget "DribbleTestTests" */;
			buildPhases = (
				6C8FC6993CB045F1DC2F8F2B /* [CP] Check Pods Manifest.lock */,
				A4907B7D1DAF5CC000DBF6EE /* Sources */,
				A4907B7E1DAF5CC000DBF6EE /* Frameworks */,
				A4907B7F1DAF5CC000DBF6EE /* Resources */,
				D4A16E94BD7916998CD36500 /* [CP] Embed Pods Frameworks */,
				89EC26ECBB110CA10DD24A77 /* [CP] Copy Pods Resources */,
			);
			buildRules = (
			);
			dependencies = (
				A4907B831DAF5CC000DBF6EE /* PBXTargetDependency */,
			);
			name = DribbleTestTests;
			productName = DribbleTestTests;
			productReference = A4907B811DAF5CC000DBF6EE /* DribbleTestTests.xctest */;
			productType = "com.apple.product-type.bundle.unit-test";
		};
		A4907B8B1DAF5CC000DBF6EE /* DribbleTestUITests */ = {
			isa = PBXNativeTarget;
			buildConfigurationList = A4907B9B1DAF5CC000DBF6EE /* Build configuration list for PBXNativeTarget "DribbleTestUITests" */;
			buildPhases = (
				8239B66D9E5393342731A6CA /* [CP] Check Pods Manifest.lock */,
				A4907B881DAF5CC000DBF6EE /* Sources */,
				A4907B891DAF5CC000DBF6EE /* Frameworks */,
				A4907B8A1DAF5CC000DBF6EE /* Resources */,
				72366CD8185B6359EAF2108B /* [CP] Copy Pods Resources */,
			);
			buildRules = (
			);
			dependencies = (
				A4907B8E1DAF5CC000DBF6EE /* PBXTargetDependency */,
			);
			name = DribbleTestUITests;
			productName = DribbleTestUITests;
			productReference = A4907B8C1DAF5CC000DBF6EE /* DribbleTestUITests.xctest */;
			productType = "com.apple.product-type.bundle.ui-testing";
		};
/* End PBXNativeTarget section */

/* Begin PBXProject section */
		A4907B651DAF5CC000DBF6EE /* Project object */ = {
			isa = PBXProject;
			attributes = {
				LastSwiftUpdateCheck = 0720;
				LastUpgradeCheck = 0720;
				ORGANIZATIONNAME = Admip;
				TargetAttributes = {
					A4907B6C1DAF5CC000DBF6EE = {
						CreatedOnToolsVersion = 7.2;
					};
					A4907B801DAF5CC000DBF6EE = {
						CreatedOnToolsVersion = 7.2;
						TestTargetID = A4907B6C1DAF5CC000DBF6EE;
					};
					A4907B8B1DAF5CC000DBF6EE = {
						CreatedOnToolsVersion = 7.2;
						TestTargetID = A4907B6C1DAF5CC000DBF6EE;
					};
				};
			};
			buildConfigurationList = A4907B681DAF5CC000DBF6EE /* Build configuration list for PBXProject "DribbleTest" */;
			compatibilityVersion = "Xcode 3.2";
			developmentRegion = English;
			hasScannedForEncodings = 0;
			knownRegions = (
				en,
				Base,
			);
			mainGroup = A4907B641DAF5CC000DBF6EE;
			productRefGroup = A4907B6E1DAF5CC000DBF6EE /* Products */;
			projectDirPath = "";
			projectRoot = "";
			targets = (
				A4907B6C1DAF5CC000DBF6EE /* DribbleTest */,
				A4907B801DAF5CC000DBF6EE /* DribbleTestTests */,
				A4907B8B1DAF5CC000DBF6EE /* DribbleTestUITests */,
			);
		};
/* End PBXProject section */

/* Begin PBXResourcesBuildPhase section */
		A4907B6B1DAF5CC000DBF6EE /* Resources */ = {
			isa = PBXResourcesBuildPhase;
			buildActionMask = 2147483647;
			files = (
				A4A181801DB8DEAC007F4779 /* Main.storyboard in Resources */,
				A4907B7B1DAF5CC000DBF6EE /* LaunchScreen.storyboard in Resources */,
				A4907B781DAF5CC000DBF6EE /* Assets.xcassets in Resources */,
			);
			runOnlyForDeploymentPostprocessing = 0;
		};
		A4907B7F1DAF5CC000DBF6EE /* Resources */ = {
			isa = PBXResourcesBuildPhase;
			buildActionMask = 2147483647;
			files = (
			);
			runOnlyForDeploymentPostprocessing = 0;
		};
		A4907B8A1DAF5CC000DBF6EE /* Resources */ = {
			isa = PBXResourcesBuildPhase;
			buildActionMask = 2147483647;
			files = (
			);
			runOnlyForDeploymentPostprocessing = 0;
		};
/* End PBXResourcesBuildPhase section */

/* Begin PBXShellScriptBuildPhase section */
		0E622C455046E563DF1C1709 /* [CP] Check Pods Manifest.lock */ = {
			isa = PBXShellScriptBuildPhase;
			buildActionMask = 2147483647;
			files = (
			);
			inputPaths = (
			);
			name = "[CP] Check Pods Manifest.lock";
			outputPaths = (
			);
			runOnlyForDeploymentPostprocessing = 0;
			shellPath = /bin/sh;
			shellScript = "diff \"${PODS_ROOT}/../Podfile.lock\" \"${PODS_ROOT}/Manifest.lock\" > /dev/null\nif [[ $? != 0 ]] ; then\n    cat << EOM\nerror: The sandbox is not in sync with the Podfile.lock. Run 'pod install' or update your CocoaPods installation.\nEOM\n    exit 1\nfi\n";
			showEnvVarsInLog = 0;
		};
		0EAF4CBB4C44CDE451B00B3D /* [CP] Embed Pods Frameworks */ = {
			isa = PBXShellScriptBuildPhase;
			buildActionMask = 2147483647;
			files = (
			);
			inputPaths = (
			);
			name = "[CP] Embed Pods Frameworks";
			outputPaths = (
			);
			runOnlyForDeploymentPostprocessing = 0;
			shellPath = /bin/sh;
			shellScript = "\"${SRCROOT}/Pods/Target Support Files/Pods-DribbleTest/Pods-DribbleTest-frameworks.sh\"\n";
			showEnvVarsInLog = 0;
		};
		178C0C830F4B94BB5713C5F9 /* [CP] Copy Pods Resources */ = {
			isa = PBXShellScriptBuildPhase;
			buildActionMask = 2147483647;
			files = (
			);
			inputPaths = (
			);
			name = "[CP] Copy Pods Resources";
			outputPaths = (
			);
			runOnlyForDeploymentPostprocessing = 0;
			shellPath = /bin/sh;
			shellScript = "\"${SRCROOT}/Pods/Target Support Files/Pods-DribbleTest/Pods-DribbleTest-resources.sh\"\n";
			showEnvVarsInLog = 0;
		};
		6C8FC6993CB045F1DC2F8F2B /* [CP] Check Pods Manifest.lock */ = {
			isa = PBXShellScriptBuildPhase;
			buildActionMask = 2147483647;
			files = (
			);
			inputPaths = (
			);
			name = "[CP] Check Pods Manifest.lock";
			outputPaths = (
			);
			runOnlyForDeploymentPostprocessing = 0;
			shellPath = /bin/sh;
			shellScript = "diff \"${PODS_ROOT}/../Podfile.lock\" \"${PODS_ROOT}/Manifest.lock\" > /dev/null\nif [[ $? != 0 ]] ; then\n    cat << EOM\nerror: The sandbox is not in sync with the Podfile.lock. Run 'pod install' or update your CocoaPods installation.\nEOM\n    exit 1\nfi\n";
			showEnvVarsInLog = 0;
		};
		72366CD8185B6359EAF2108B /* [CP] Copy Pods Resources */ = {
			isa = PBXShellScriptBuildPhase;
			buildActionMask = 2147483647;
			files = (
			);
			inputPaths = (
			);
			name = "[CP] Copy Pods Resources";
			outputPaths = (
			);
			runOnlyForDeploymentPostprocessing = 0;
			shellPath = /bin/sh;
			shellScript = "\"${SRCROOT}/Pods/Target Support Files/Pods-DribbleTestUITests/Pods-DribbleTestUITests-resources.sh\"\n";
			showEnvVarsInLog = 0;
		};
		8239B66D9E5393342731A6CA /* [CP] Check Pods Manifest.lock */ = {
			isa = PBXShellScriptBuildPhase;
			buildActionMask = 2147483647;
			files = (
			);
			inputPaths = (
			);
			name = "[CP] Check Pods Manifest.lock";
			outputPaths = (
			);
			runOnlyForDeploymentPostprocessing = 0;
			shellPath = /bin/sh;
			shellScript = "diff \"${PODS_ROOT}/../Podfile.lock\" \"${PODS_ROOT}/Manifest.lock\" > /dev/null\nif [[ $? != 0 ]] ; then\n    cat << EOM\nerror: The sandbox is not in sync with the Podfile.lock. Run 'pod install' or update your CocoaPods installation.\nEOM\n    exit 1\nfi\n";
			showEnvVarsInLog = 0;
		};
		89EC26ECBB110CA10DD24A77 /* [CP] Copy Pods Resources */ = {
			isa = PBXShellScriptBuildPhase;
			buildActionMask = 2147483647;
			files = (
			);
			inputPaths = (
			);
			name = "[CP] Copy Pods Resources";
			outputPaths = (
			);
			runOnlyForDeploymentPostprocessing = 0;
			shellPath = /bin/sh;
			shellScript = "\"${SRCROOT}/Pods/Target Support Files/Pods-DribbleTestTests/Pods-DribbleTestTests-resources.sh\"\n";
			showEnvVarsInLog = 0;
		};
		D4A16E94BD7916998CD36500 /* [CP] Embed Pods Frameworks */ = {
			isa = PBXShellScriptBuildPhase;
			buildActionMask = 2147483647;
			files = (
			);
			inputPaths = (
			);
			name = "[CP] Embed Pods Frameworks";
			outputPaths = (
			);
			runOnlyForDeploymentPostprocessing = 0;
			shellPath = /bin/sh;
			shellScript = "\"${SRCROOT}/Pods/Target Support Files/Pods-DribbleTestTests/Pods-DribbleTestTests-frameworks.sh\"\n";
			showEnvVarsInLog = 0;
		};
/* End PBXShellScriptBuildPhase section */

/* Begin PBXSourcesBuildPhase section */
		A4907B691DAF5CC000DBF6EE /* Sources */ = {
			isa = PBXSourcesBuildPhase;
			buildActionMask = 2147483647;
			files = (
				A4C71C731DD593BC002B8BD6 /* MyCacheComments.swift in Sources */,
				A4A0E1871DDB3337000C2BA2 /* iCarousel.m in Sources */,
				A4A1817B1DB8C25D007F4779 /* Shots.swift in Sources */,
				A4A0E18D1DDB3CA0000C2BA2 /* ProfileTableViewCell.swift in Sources */,
				A49359E71DC0994C000A86FC /* CommentsViewController.swift in Sources */,
				A4907B9F1DAF7D5E00DBF6EE /* OAuth.swift in Sources */,
				A493543E1DE849D7007867FC /* ShotViewModel.swift in Sources */,
				A48C839F1DDF02190050AB16 /* Likes.swift in Sources */,
				A49982D91DB8992A00F5FE4C /* OauthDribbble.swift in Sources */,
				A4915CBB1DD9E8DF001258D1 /* ShotsTableViewCell.swift in Sources */,
				A4880B8F1DD34934007168B2 /* ViewController.swift in Sources */,
				A495158A1DF00B26006731C6 /* LikesViewModel.swift in Sources */,
				A4915CB71DD9E69F001258D1 /* CommentsTableViewCell.swift in Sources */,
				A48500D41DE1BF7E00B828D7 /* LikeUser.swift in Sources */,
				A4880B8D1DD3261D007168B2 /* CacheShots.swift in Sources */,
				A49E50341DE072EB00236C41 /* MyCacheFollowers.swift in Sources */,
				A482862B1DED87D000E14FCD /* CommentViewModel.swift in Sources */,
				A41037A41DD21F14007E5360 /* testobj.swift in Sources */,
				A482862D1DEDD06600E14FCD /* ProfileViewModel.swift in Sources */,
				A4A033AE1DB9E76A00A6524C /* ShotsTableViewController.swift in Sources */,
				A4907B711DAF5CC000DBF6EE /* AppDelegate.swift in Sources */,
				A4A1817E1DB8C354007F4779 /* MyConstants.swift in Sources */,
				A4A11B261DD496840038FE12 /* MyCacheShots.swift in Sources */,
				A48C83981DDEE36F0050AB16 /* Followers.swift in Sources */,
				A49E50311DE070D400236C41 /* MyCacheLikes.swift in Sources */,
				A4A0E1911DDB4458000C2BA2 /* User.swift in Sources */,
				A4A0E18B1DDB396C000C2BA2 /* ProfileViewController.swift in Sources */,
				A49E502D1DE06FCE00236C41 /* MyCacheUser.swift in Sources */,
				A4C71C781DD59792002B8BD6 /* NetConnection.swift in Sources */,
				A49359E51DC09884000A86FC /* Comments.swift in Sources */,
			);
			runOnlyForDeploymentPostprocessing = 0;
		};
		A4907B7D1DAF5CC000DBF6EE /* Sources */ = {
			isa = PBXSourcesBuildPhase;
			buildActionMask = 2147483647;
			files = (
				A4907B861DAF5CC000DBF6EE /* DribbleTestTests.swift in Sources */,
			);
			runOnlyForDeploymentPostprocessing = 0;
		};
		A4907B881DAF5CC000DBF6EE /* Sources */ = {
			isa = PBXSourcesBuildPhase;
			buildActionMask = 2147483647;
			files = (
				A4907B911DAF5CC000DBF6EE /* DribbleTestUITests.swift in Sources */,
			);
			runOnlyForDeploymentPostprocessing = 0;
		};
/* End PBXSourcesBuildPhase section */

/* Begin PBXTargetDependency section */
		A4907B831DAF5CC000DBF6EE /* PBXTargetDependency */ = {
			isa = PBXTargetDependency;
			target = A4907B6C1DAF5CC000DBF6EE /* DribbleTest */;
			targetProxy = A4907B821DAF5CC000DBF6EE /* PBXContainerItemProxy */;
		};
		A4907B8E1DAF5CC000DBF6EE /* PBXTargetDependency */ = {
			isa = PBXTargetDependency;
			target = A4907B6C1DAF5CC000DBF6EE /* DribbleTest */;
			targetProxy = A4907B8D1DAF5CC000DBF6EE /* PBXContainerItemProxy */;
		};
/* End PBXTargetDependency section */

/* Begin PBXVariantGroup section */
		A4907B791DAF5CC000DBF6EE /* LaunchScreen.storyboard */ = {
			isa = PBXVariantGroup;
			children = (
				A4907B7A1DAF5CC000DBF6EE /* Base */,
			);
			name = LaunchScreen.storyboard;
			sourceTree = "<group>";
		};
/* End PBXVariantGroup section */

/* Begin XCBuildConfiguration section */
		A4907B931DAF5CC000DBF6EE /* Debug */ = {
			isa = XCBuildConfiguration;
			buildSettings = {
				ALWAYS_SEARCH_USER_PATHS = NO;
				CLANG_CXX_LANGUAGE_STANDARD = "gnu++0x";
				CLANG_CXX_LIBRARY = "libc++";
				CLANG_ENABLE_MODULES = YES;
				CLANG_ENABLE_OBJC_ARC = YES;
				CLANG_WARN_BOOL_CONVERSION = YES;
				CLANG_WARN_CONSTANT_CONVERSION = YES;
				CLANG_WARN_DIRECT_OBJC_ISA_USAGE = YES_ERROR;
				CLANG_WARN_EMPTY_BODY = YES;
				CLANG_WARN_ENUM_CONVERSION = YES;
				CLANG_WARN_INT_CONVERSION = YES;
				CLANG_WARN_OBJC_ROOT_CLASS = YES_ERROR;
				CLANG_WARN_UNREACHABLE_CODE = YES;
				CLANG_WARN__DUPLICATE_METHOD_MATCH = YES;
				"CODE_SIGN_IDENTITY[sdk=iphoneos*]" = "iPhone Developer";
				COPY_PHASE_STRIP = NO;
				DEBUG_INFORMATION_FORMAT = dwarf;
				ENABLE_STRICT_OBJC_MSGSEND = YES;
				ENABLE_TESTABILITY = YES;
				GCC_C_LANGUAGE_STANDARD = gnu99;
				GCC_DYNAMIC_NO_PIC = NO;
				GCC_NO_COMMON_BLOCKS = YES;
				GCC_OPTIMIZATION_LEVEL = 0;
				GCC_PREPROCESSOR_DEFINITIONS = (
					"DEBUG=1",
					"$(inherited)",
				);
				GCC_WARN_64_TO_32_BIT_CONVERSION = YES;
				GCC_WARN_ABOUT_RETURN_TYPE = YES_ERROR;
				GCC_WARN_UNDECLARED_SELECTOR = YES;
				GCC_WARN_UNINITIALIZED_AUTOS = YES_AGGRESSIVE;
				GCC_WARN_UNUSED_FUNCTION = YES;
				GCC_WARN_UNUSED_VARIABLE = YES;
				IPHONEOS_DEPLOYMENT_TARGET = 9.2;
				MTL_ENABLE_DEBUG_INFO = YES;
				ONLY_ACTIVE_ARCH = YES;
				SDKROOT = iphoneos;
				SWIFT_OPTIMIZATION_LEVEL = "-Onone";
				TARGETED_DEVICE_FAMILY = "1,2";
			};
			name = Debug;
		};
		A4907B941DAF5CC000DBF6EE /* Release */ = {
			isa = XCBuildConfiguration;
			buildSettings = {
				ALWAYS_SEARCH_USER_PATHS = NO;
				CLANG_CXX_LANGUAGE_STANDARD = "gnu++0x";
				CLANG_CXX_LIBRARY = "libc++";
				CLANG_ENABLE_MODULES = YES;
				CLANG_ENABLE_OBJC_ARC = YES;
				CLANG_WARN_BOOL_CONVERSION = YES;
				CLANG_WARN_CONSTANT_CONVERSION = YES;
				CLANG_WARN_DIRECT_OBJC_ISA_USAGE = YES_ERROR;
				CLANG_WARN_EMPTY_BODY = YES;
				CLANG_WARN_ENUM_CONVERSION = YES;
				CLANG_WARN_INT_CONVERSION = YES;
				CLANG_WARN_OBJC_ROOT_CLASS = YES_ERROR;
				CLANG_WARN_UNREACHABLE_CODE = YES;
				CLANG_WARN__DUPLICATE_METHOD_MATCH = YES;
				"CODE_SIGN_IDENTITY[sdk=iphoneos*]" = "iPhone Developer";
				COPY_PHASE_STRIP = NO;
				DEBUG_INFORMATION_FORMAT = "dwarf-with-dsym";
				ENABLE_NS_ASSERTIONS = NO;
				ENABLE_STRICT_OBJC_MSGSEND = YES;
				GCC_C_LANGUAGE_STANDARD = gnu99;
				GCC_NO_COMMON_BLOCKS = YES;
				GCC_WARN_64_TO_32_BIT_CONVERSION = YES;
				GCC_WARN_ABOUT_RETURN_TYPE = YES_ERROR;
				GCC_WARN_UNDECLARED_SELECTOR = YES;
				GCC_WARN_UNINITIALIZED_AUTOS = YES_AGGRESSIVE;
				GCC_WARN_UNUSED_FUNCTION = YES;
				GCC_WARN_UNUSED_VARIABLE = YES;
				IPHONEOS_DEPLOYMENT_TARGET = 9.2;
				MTL_ENABLE_DEBUG_INFO = NO;
				SDKROOT = iphoneos;
				TARGETED_DEVICE_FAMILY = "1,2";
				VALIDATE_PRODUCT = YES;
			};
			name = Release;
		};
		A4907B961DAF5CC000DBF6EE /* Debug */ = {
			isa = XCBuildConfiguration;
			baseConfigurationReference = 029066F0FF720848A99FD143 /* Pods-DribbleTest.debug.xcconfig */;
			buildSettings = {
				ASSETCATALOG_COMPILER_APPICON_NAME = AppIcon;
				CLANG_ENABLE_MODULES = YES;
				INFOPLIST_FILE = DribbleTest/Info.plist;
				LD_RUNPATH_SEARCH_PATHS = "$(inherited) @executable_path/Frameworks";
				PRODUCT_BUNDLE_IDENTIFIER = KIPU.DribbleTest;
				PRODUCT_NAME = "$(TARGET_NAME)";
				SWIFT_OBJC_BRIDGING_HEADER = "DribbleTest/DribbleTest-Bridging-Header.h";
				SWIFT_OPTIMIZATION_LEVEL = "-Onone";
			};
			name = Debug;
		};
		A4907B971DAF5CC000DBF6EE /* Release */ = {
			isa = XCBuildConfiguration;
			baseConfigurationReference = CC87113E1E7599F904FDD243 /* Pods-DribbleTest.release.xcconfig */;
			buildSettings = {
				ASSETCATALOG_COMPILER_APPICON_NAME = AppIcon;
				CLANG_ENABLE_MODULES = YES;
				INFOPLIST_FILE = DribbleTest/Info.plist;
				LD_RUNPATH_SEARCH_PATHS = "$(inherited) @executable_path/Frameworks";
				PRODUCT_BUNDLE_IDENTIFIER = KIPU.DribbleTest;
				PRODUCT_NAME = "$(TARGET_NAME)";
				SWIFT_OBJC_BRIDGING_HEADER = "DribbleTest/DribbleTest-Bridging-Header.h";
			};
			name = Release;
		};
		A4907B991DAF5CC000DBF6EE /* Debug */ = {
			isa = XCBuildConfiguration;
			baseConfigurationReference = 9D5EDF5CFE75B16DE062F085 /* Pods-DribbleTestTests.debug.xcconfig */;
			buildSettings = {
				BUNDLE_LOADER = "$(TEST_HOST)";
				INFOPLIST_FILE = DribbleTestTests/Info.plist;
				LD_RUNPATH_SEARCH_PATHS = "$(inherited) @executable_path/Frameworks @loader_path/Frameworks";
				PRODUCT_BUNDLE_IDENTIFIER = KIPU.DribbleTestTests;
				PRODUCT_NAME = "$(TARGET_NAME)";
				TEST_HOST = "$(BUILT_PRODUCTS_DIR)/DribbleTest.app/DribbleTest";
			};
			name = Debug;
		};
		A4907B9A1DAF5CC000DBF6EE /* Release */ = {
			isa = XCBuildConfiguration;
			baseConfigurationReference = 0CCD45DE5A9B0455CBAA1D81 /* Pods-DribbleTestTests.release.xcconfig */;
			buildSettings = {
				BUNDLE_LOADER = "$(TEST_HOST)";
				INFOPLIST_FILE = DribbleTestTests/Info.plist;
				LD_RUNPATH_SEARCH_PATHS = "$(inherited) @executable_path/Frameworks @loader_path/Frameworks";
				PRODUCT_BUNDLE_IDENTIFIER = KIPU.DribbleTestTests;
				PRODUCT_NAME = "$(TARGET_NAME)";
				TEST_HOST = "$(BUILT_PRODUCTS_DIR)/DribbleTest.app/DribbleTest";
			};
			name = Release;
		};
		A4907B9C1DAF5CC000DBF6EE /* Debug */ = {
			isa = XCBuildConfiguration;
			baseConfigurationReference = B8FECE6FF3E09C3FA499E315 /* Pods-DribbleTestUITests.debug.xcconfig */;
			buildSettings = {
				INFOPLIST_FILE = DribbleTestUITests/Info.plist;
				LD_RUNPATH_SEARCH_PATHS = "$(inherited) @executable_path/Frameworks @loader_path/Frameworks";
				PRODUCT_BUNDLE_IDENTIFIER = KIPU.DribbleTestUITests;
				PRODUCT_NAME = "$(TARGET_NAME)";
				TEST_TARGET_NAME = DribbleTest;
				USES_XCTRUNNER = YES;
			};
			name = Debug;
		};
		A4907B9D1DAF5CC000DBF6EE /* Release */ = {
			isa = XCBuildConfiguration;
			baseConfigurationReference = 595356D7B5A196A326680EDA /* Pods-DribbleTestUITests.release.xcconfig */;
			buildSettings = {
				INFOPLIST_FILE = DribbleTestUITests/Info.plist;
				LD_RUNPATH_SEARCH_PATHS = "$(inherited) @executable_path/Frameworks @loader_path/Frameworks";
				PRODUCT_BUNDLE_IDENTIFIER = KIPU.DribbleTestUITests;
				PRODUCT_NAME = "$(TARGET_NAME)";
				TEST_TARGET_NAME = DribbleTest;
				USES_XCTRUNNER = YES;
			};
			name = Release;
		};
/* End XCBuildConfiguration section */

/* Begin XCConfigurationList section */
		A4907B681DAF5CC000DBF6EE /* Build configuration list for PBXProject "DribbleTest" */ = {
			isa = XCConfigurationList;
			buildConfigurations = (
				A4907B931DAF5CC000DBF6EE /* Debug */,
				A4907B941DAF5CC000DBF6EE /* Release */,
			);
			defaultConfigurationIsVisible = 0;
			defaultConfigurationName = Release;
		};
		A4907B951DAF5CC000DBF6EE /* Build configuration list for PBXNativeTarget "DribbleTest" */ = {
			isa = XCConfigurationList;
			buildConfigurations = (
				A4907B961DAF5CC000DBF6EE /* Debug */,
				A4907B971DAF5CC000DBF6EE /* Release */,
			);
			defaultConfigurationIsVisible = 0;
			defaultConfigurationName = Release;
		};
		A4907B981DAF5CC000DBF6EE /* Build configuration list for PBXNativeTarget "DribbleTestTests" */ = {
			isa = XCConfigurationList;
			buildConfigurations = (
				A4907B991DAF5CC000DBF6EE /* Debug */,
				A4907B9A1DAF5CC000DBF6EE /* Release */,
			);
			defaultConfigurationIsVisible = 0;
			defaultConfigurationName = Release;
		};
		A4907B9B1DAF5CC000DBF6EE /* Build configuration list for PBXNativeTarget "DribbleTestUITests" */ = {
			isa = XCConfigurationList;
			buildConfigurations = (
				A4907B9C1DAF5CC000DBF6EE /* Debug */,
				A4907B9D1DAF5CC000DBF6EE /* Release */,
			);
			defaultConfigurationIsVisible = 0;
			defaultConfigurationName = Release;
		};
/* End XCConfigurationList section */
	};
	rootObject = A4907B651DAF5CC000DBF6EE /* Project object */;
}
